// !$*UTF8*$!
{
	archiveVersion = 1;
	classes = {
	};
	objectVersion = 56;
	objects = {

/* Begin PBXBuildFile section */
		DA32730C2935428300407AC3 /* Realm in Frameworks */ = {isa = PBXBuildFile; productRef = DA32730B2935428300407AC3 /* Realm */; };
		DA32730E2935428300407AC3 /* RealmSwift in Frameworks */ = {isa = PBXBuildFile; productRef = DA32730D2935428300407AC3 /* RealmSwift */; };
		DA3273132935441E00407AC3 /* TasksViewController.swift in Sources */ = {isa = PBXBuildFile; fileRef = DA3273122935441E00407AC3 /* TasksViewController.swift */; };
		DA3273152935448000407AC3 /* Extension + AlertController.swift in Sources */ = {isa = PBXBuildFile; fileRef = DA3273142935448000407AC3 /* Extension + AlertController.swift */; };
		DA327318293544A400407AC3 /* TaskList.swift in Sources */ = {isa = PBXBuildFile; fileRef = DA327317293544A400407AC3 /* TaskList.swift */; };
		DA32731B293544C900407AC3 /* DataManager.swift in Sources */ = {isa = PBXBuildFile; fileRef = DA32731A293544C900407AC3 /* DataManager.swift */; };
		DA32731D293544DD00407AC3 /* StorageManager.swift in Sources */ = {isa = PBXBuildFile; fileRef = DA32731C293544DD00407AC3 /* StorageManager.swift */; };
		DA3273202935502C00407AC3 /* Extension + UITableViewCell.swift in Sources */ = {isa = PBXBuildFile; fileRef = DA32731F2935502C00407AC3 /* Extension + UITableViewCell.swift */; };
		DA8B39C529353E17003A7967 /* AppDelegate.swift in Sources */ = {isa = PBXBuildFile; fileRef = DA8B39C429353E17003A7967 /* AppDelegate.swift */; };
		DA8B39C729353E17003A7967 /* SceneDelegate.swift in Sources */ = {isa = PBXBuildFile; fileRef = DA8B39C629353E17003A7967 /* SceneDelegate.swift */; };
		DA8B39C929353E17003A7967 /* TaskListViewController.swift in Sources */ = {isa = PBXBuildFile; fileRef = DA8B39C829353E17003A7967 /* TaskListViewController.swift */; };
		DA8B39CC29353E17003A7967 /* Main.storyboard in Resources */ = {isa = PBXBuildFile; fileRef = DA8B39CA29353E17003A7967 /* Main.storyboard */; };
		DA8B39D129353E1E003A7967 /* Assets.xcassets in Resources */ = {isa = PBXBuildFile; fileRef = DA8B39D029353E1E003A7967 /* Assets.xcassets */; };
		DA8B39D429353E1E003A7967 /* LaunchScreen.storyboard in Resources */ = {isa = PBXBuildFile; fileRef = DA8B39D229353E1E003A7967 /* LaunchScreen.storyboard */; };
/* End PBXBuildFile section */

/* Begin PBXFileReference section */
		DA3273122935441E00407AC3 /* TasksViewController.swift */ = {isa = PBXFileReference; lastKnownFileType = sourcecode.swift; path = TasksViewController.swift; sourceTree = "<group>"; };
		DA3273142935448000407AC3 /* Extension + AlertController.swift */ = {isa = PBXFileReference; lastKnownFileType = sourcecode.swift; path = "Extension + AlertController.swift"; sourceTree = "<group>"; };
		DA327317293544A400407AC3 /* TaskList.swift */ = {isa = PBXFileReference; lastKnownFileType = sourcecode.swift; path = TaskList.swift; sourceTree = "<group>"; };
		DA32731A293544C900407AC3 /* DataManager.swift */ = {isa = PBXFileReference; lastKnownFileType = sourcecode.swift; path = DataManager.swift; sourceTree = "<group>"; };
		DA32731C293544DD00407AC3 /* StorageManager.swift */ = {isa = PBXFileReference; lastKnownFileType = sourcecode.swift; path = StorageManager.swift; sourceTree = "<group>"; };
		DA32731F2935502C00407AC3 /* Extension + UITableViewCell.swift */ = {isa = PBXFileReference; lastKnownFileType = sourcecode.swift; path = "Extension + UITableViewCell.swift"; sourceTree = "<group>"; };
		DA8B39C129353E17003A7967 /* TaskListApp.app */ = {isa = PBXFileReference; explicitFileType = wrapper.application; includeInIndex = 0; path = TaskListApp.app; sourceTree = BUILT_PRODUCTS_DIR; };
		DA8B39C429353E17003A7967 /* AppDelegate.swift */ = {isa = PBXFileReference; lastKnownFileType = sourcecode.swift; path = AppDelegate.swift; sourceTree = "<group>"; };
		DA8B39C629353E17003A7967 /* SceneDelegate.swift */ = {isa = PBXFileReference; lastKnownFileType = sourcecode.swift; path = SceneDelegate.swift; sourceTree = "<group>"; };
		DA8B39C829353E17003A7967 /* TaskListViewController.swift */ = {isa = PBXFileReference; lastKnownFileType = sourcecode.swift; path = TaskListViewController.swift; sourceTree = "<group>"; };
		DA8B39CB29353E17003A7967 /* Base */ = {isa = PBXFileReference; lastKnownFileType = file.storyboard; name = Base; path = Base.lproj/Main.storyboard; sourceTree = "<group>"; };
		DA8B39D029353E1E003A7967 /* Assets.xcassets */ = {isa = PBXFileReference; lastKnownFileType = folder.assetcatalog; path = Assets.xcassets; sourceTree = "<group>"; };
		DA8B39D329353E1E003A7967 /* Base */ = {isa = PBXFileReference; lastKnownFileType = file.storyboard; name = Base; path = Base.lproj/LaunchScreen.storyboard; sourceTree = "<group>"; };
		DA8B39D529353E1E003A7967 /* Info.plist */ = {isa = PBXFileReference; lastKnownFileType = text.plist.xml; path = Info.plist; sourceTree = "<group>"; };
/* End PBXFileReference section */

/* Begin PBXFrameworksBuildPhase section */
		DA8B39BE29353E17003A7967 /* Frameworks */ = {
			isa = PBXFrameworksBuildPhase;
			buildActionMask = 2147483647;
			files = (
				DA32730E2935428300407AC3 /* RealmSwift in Frameworks */,
				DA32730C2935428300407AC3 /* Realm in Frameworks */,
			);
			runOnlyForDeploymentPostprocessing = 0;
		};
/* End PBXFrameworksBuildPhase section */

/* Begin PBXGroup section */
		DA3273092935400400407AC3 /* App */ = {
			isa = PBXGroup;
			children = (
				DA8B39C429353E17003A7967 /* AppDelegate.swift */,
				DA8B39C629353E17003A7967 /* SceneDelegate.swift */,
				DA8B39D529353E1E003A7967 /* Info.plist */,
			);
			path = App;
			sourceTree = "<group>";
		};
		DA32730F2935435600407AC3 /* ViewControllers */ = {
			isa = PBXGroup;
			children = (
				DA8B39C829353E17003A7967 /* TaskListViewController.swift */,
				DA3273122935441E00407AC3 /* TasksViewController.swift */,
			);
			path = ViewControllers;
			sourceTree = "<group>";
		};
		DA3273102935436200407AC3 /* Resources */ = {
			isa = PBXGroup;
			children = (
				DA8B39D029353E1E003A7967 /* Assets.xcassets */,
			);
			path = Resources;
			sourceTree = "<group>";
		};
		DA3273112935436E00407AC3 /* Storyboards */ = {
			isa = PBXGroup;
			children = (
				DA8B39CA29353E17003A7967 /* Main.storyboard */,
				DA8B39D229353E1E003A7967 /* LaunchScreen.storyboard */,
			);
			path = Storyboards;
			sourceTree = "<group>";
		};
		DA3273162935449300407AC3 /* Models */ = {
			isa = PBXGroup;
			children = (
				DA327317293544A400407AC3 /* TaskList.swift */,
			);
			path = Models;
			sourceTree = "<group>";
		};
		DA327319293544B300407AC3 /* Services */ = {
			isa = PBXGroup;
			children = (
				DA32731A293544C900407AC3 /* DataManager.swift */,
				DA32731C293544DD00407AC3 /* StorageManager.swift */,
			);
			path = Services;
			sourceTree = "<group>";
		};
		DA32731E29354FD000407AC3 /* Extensions */ = {
			isa = PBXGroup;
			children = (
				DA3273142935448000407AC3 /* Extension + AlertController.swift */,
				DA32731F2935502C00407AC3 /* Extension + UITableViewCell.swift */,
			);
			path = Extensions;
			sourceTree = "<group>";
		};
		DA8B39B829353E17003A7967 = {
			isa = PBXGroup;
			children = (
				DA8B39C329353E17003A7967 /* TaskListApp */,
				DA8B39C229353E17003A7967 /* Products */,
			);
			sourceTree = "<group>";
		};
		DA8B39C229353E17003A7967 /* Products */ = {
			isa = PBXGroup;
			children = (
				DA8B39C129353E17003A7967 /* TaskListApp.app */,
			);
			name = Products;
			sourceTree = "<group>";
		};
		DA8B39C329353E17003A7967 /* TaskListApp */ = {
			isa = PBXGroup;
			children = (
				DA32731E29354FD000407AC3 /* Extensions */,
				DA327319293544B300407AC3 /* Services */,
				DA3273162935449300407AC3 /* Models */,
				DA3273092935400400407AC3 /* App */,
				DA32730F2935435600407AC3 /* ViewControllers */,
				DA3273112935436E00407AC3 /* Storyboards */,
				DA3273102935436200407AC3 /* Resources */,
			);
			path = TaskListApp;
			sourceTree = "<group>";
		};
/* End PBXGroup section */

/* Begin PBXNativeTarget section */
		DA8B39C029353E17003A7967 /* TaskListApp */ = {
			isa = PBXNativeTarget;
			buildConfigurationList = DA8B39D829353E1E003A7967 /* Build configuration list for PBXNativeTarget "TaskListApp" */;
			buildPhases = (
				DA8B39BD29353E17003A7967 /* Sources */,
				DA8B39BE29353E17003A7967 /* Frameworks */,
				DA8B39BF29353E17003A7967 /* Resources */,
			);
			buildRules = (
			);
			dependencies = (
			);
			name = TaskListApp;
			packageProductDependencies = (
				DA32730B2935428300407AC3 /* Realm */,
				DA32730D2935428300407AC3 /* RealmSwift */,
			);
			productName = TaskListApp;
			productReference = DA8B39C129353E17003A7967 /* TaskListApp.app */;
			productType = "com.apple.product-type.application";
		};
/* End PBXNativeTarget section */

/* Begin PBXProject section */
		DA8B39B929353E17003A7967 /* Project object */ = {
			isa = PBXProject;
			attributes = {
				BuildIndependentTargetsInParallel = 1;
				LastSwiftUpdateCheck = 1400;
				LastUpgradeCheck = 1400;
				TargetAttributes = {
					DA8B39C029353E17003A7967 = {
						CreatedOnToolsVersion = 14.0.1;
					};
				};
			};
			buildConfigurationList = DA8B39BC29353E17003A7967 /* Build configuration list for PBXProject "TaskListApp" */;
			compatibilityVersion = "Xcode 14.0";
			developmentRegion = en;
			hasScannedForEncodings = 0;
			knownRegions = (
				en,
				Base,
			);
			mainGroup = DA8B39B829353E17003A7967;
			packageReferences = (
				DA32730A2935428300407AC3 /* XCRemoteSwiftPackageReference "realm-swift" */,
			);
			productRefGroup = DA8B39C229353E17003A7967 /* Products */;
			projectDirPath = "";
			projectRoot = "";
			targets = (
				DA8B39C029353E17003A7967 /* TaskListApp */,
			);
		};
/* End PBXProject section */

/* Begin PBXResourcesBuildPhase section */
		DA8B39BF29353E17003A7967 /* Resources */ = {
			isa = PBXResourcesBuildPhase;
			buildActionMask = 2147483647;
			files = (
				DA8B39D429353E1E003A7967 /* LaunchScreen.storyboard in Resources */,
				DA8B39D129353E1E003A7967 /* Assets.xcassets in Resources */,
				DA8B39CC29353E17003A7967 /* Main.storyboard in Resources */,
			);
			runOnlyForDeploymentPostprocessing = 0;
		};
/* End PBXResourcesBuildPhase section */

/* Begin PBXSourcesBuildPhase section */
		DA8B39BD29353E17003A7967 /* Sources */ = {
			isa = PBXSourcesBuildPhase;
			buildActionMask = 2147483647;
			files = (
				DA327318293544A400407AC3 /* TaskList.swift in Sources */,
				DA8B39C929353E17003A7967 /* TaskListViewController.swift in Sources */,
				DA3273152935448000407AC3 /* Extension + AlertController.swift in Sources */,
				DA32731B293544C900407AC3 /* DataManager.swift in Sources */,
				DA3273132935441E00407AC3 /* TasksViewController.swift in Sources */,
				DA8B39C529353E17003A7967 /* AppDelegate.swift in Sources */,
				DA3273202935502C00407AC3 /* Extension + UITableViewCell.swift in Sources */,
				DA8B39C729353E17003A7967 /* SceneDelegate.swift in Sources */,
				DA32731D293544DD00407AC3 /* StorageManager.swift in Sources */,
			);
			runOnlyForDeploymentPostprocessing = 0;
		};
/* End PBXSourcesBuildPhase section */

/* Begin PBXVariantGroup section */
		DA8B39CA29353E17003A7967 /* Main.storyboard */ = {
			isa = PBXVariantGroup;
			children = (
				DA8B39CB29353E17003A7967 /* Base */,
			);
			name = Main.storyboard;
			sourceTree = "<group>";
		};
		DA8B39D229353E1E003A7967 /* LaunchScreen.storyboard */ = {
			isa = PBXVariantGroup;
			children = (
				DA8B39D329353E1E003A7967 /* Base */,
			);
			name = LaunchScreen.storyboard;
			sourceTree = "<group>";
		};
/* End PBXVariantGroup section */

/* Begin XCBuildConfiguration section */
		DA8B39D629353E1E003A7967 /* Debug */ = {
			isa = XCBuildConfiguration;
			buildSettings = {
				ALWAYS_SEARCH_USER_PATHS = NO;
				CLANG_ANALYZER_NONNULL = YES;
				CLANG_ANALYZER_NUMBER_OBJECT_CONVERSION = YES_AGGRESSIVE;
				CLANG_CXX_LANGUAGE_STANDARD = "gnu++20";
				CLANG_ENABLE_MODULES = YES;
				CLANG_ENABLE_OBJC_ARC = YES;
				CLANG_ENABLE_OBJC_WEAK = YES;
				CLANG_WARN_BLOCK_CAPTURE_AUTORELEASING = YES;
				CLANG_WARN_BOOL_CONVERSION = YES;
				CLANG_WARN_COMMA = YES;
				CLANG_WARN_CONSTANT_CONVERSION = YES;
				CLANG_WARN_DEPRECATED_OBJC_IMPLEMENTATIONS = YES;
				CLANG_WARN_DIRECT_OBJC_ISA_USAGE = YES_ERROR;
				CLANG_WARN_DOCUMENTATION_COMMENTS = YES;
				CLANG_WARN_EMPTY_BODY = YES;
				CLANG_WARN_ENUM_CONVERSION = YES;
				CLANG_WARN_INFINITE_RECURSION = YES;
				CLANG_WARN_INT_CONVERSION = YES;
				CLANG_WARN_NON_LITERAL_NULL_CONVERSION = YES;
				CLANG_WARN_OBJC_IMPLICIT_RETAIN_SELF = YES;
				CLANG_WARN_OBJC_LITERAL_CONVERSION = YES;
				CLANG_WARN_OBJC_ROOT_CLASS = YES_ERROR;
				CLANG_WARN_QUOTED_INCLUDE_IN_FRAMEWORK_HEADER = YES;
				CLANG_WARN_RANGE_LOOP_ANALYSIS = YES;
				CLANG_WARN_STRICT_PROTOTYPES = YES;
				CLANG_WARN_SUSPICIOUS_MOVE = YES;
				CLANG_WARN_UNGUARDED_AVAILABILITY = YES_AGGRESSIVE;
				CLANG_WARN_UNREACHABLE_CODE = YES;
				CLANG_WARN__DUPLICATE_METHOD_MATCH = YES;
				COPY_PHASE_STRIP = NO;
				DEBUG_INFORMATION_FORMAT = dwarf;
				ENABLE_STRICT_OBJC_MSGSEND = YES;
				ENABLE_TESTABILITY = YES;
				GCC_C_LANGUAGE_STANDARD = gnu11;
				GCC_DYNAMIC_NO_PIC = NO;
				GCC_NO_COMMON_BLOCKS = YES;
				GCC_OPTIMIZATION_LEVEL = 0;
				GCC_PREPROCESSOR_DEFINITIONS = (
					"DEBUG=1",
					"$(inherited)",
				);
				GCC_WARN_64_TO_32_BIT_CONVERSION = YES;
				GCC_WARN_ABOUT_RETURN_TYPE = YES_ERROR;
				GCC_WARN_UNDECLARED_SELECTOR = YES;
				GCC_WARN_UNINITIALIZED_AUTOS = YES_AGGRESSIVE;
				GCC_WARN_UNUSED_FUNCTION = YES;
				GCC_WARN_UNUSED_VARIABLE = YES;
				IPHONEOS_DEPLOYMENT_TARGET = 16.0;
				MTL_ENABLE_DEBUG_INFO = INCLUDE_SOURCE;
				MTL_FAST_MATH = YES;
				ONLY_ACTIVE_ARCH = YES;
				SDKROOT = iphoneos;
				SWIFT_ACTIVE_COMPILATION_CONDITIONS = DEBUG;
				SWIFT_OPTIMIZATION_LEVEL = "-Onone";
			};
			name = Debug;
		};
		DA8B39D729353E1E003A7967 /* Release */ = {
			isa = XCBuildConfiguration;
			buildSettings = {
				ALWAYS_SEARCH_USER_PATHS = NO;
				CLANG_ANALYZER_NONNULL = YES;
				CLANG_ANALYZER_NUMBER_OBJECT_CONVERSION = YES_AGGRESSIVE;
				CLANG_CXX_LANGUAGE_STANDARD = "gnu++20";
				CLANG_ENABLE_MODULES = YES;
				CLANG_ENABLE_OBJC_ARC = YES;
				CLANG_ENABLE_OBJC_WEAK = YES;
				CLANG_WARN_BLOCK_CAPTURE_AUTORELEASING = YES;
				CLANG_WARN_BOOL_CONVERSION = YES;
				CLANG_WARN_COMMA = YES;
				CLANG_WARN_CONSTANT_CONVERSION = YES;
				CLANG_WARN_DEPRECATED_OBJC_IMPLEMENTATIONS = YES;
				CLANG_WARN_DIRECT_OBJC_ISA_USAGE = YES_ERROR;
				CLANG_WARN_DOCUMENTATION_COMMENTS = YES;
				CLANG_WARN_EMPTY_BODY = YES;
				CLANG_WARN_ENUM_CONVERSION = YES;
				CLANG_WARN_INFINITE_RECURSION = YES;
				CLANG_WARN_INT_CONVERSION = YES;
				CLANG_WARN_NON_LITERAL_NULL_CONVERSION = YES;
				CLANG_WARN_OBJC_IMPLICIT_RETAIN_SELF = YES;
				CLANG_WARN_OBJC_LITERAL_CONVERSION = YES;
				CLANG_WARN_OBJC_ROOT_CLASS = YES_ERROR;
				CLANG_WARN_QUOTED_INCLUDE_IN_FRAMEWORK_HEADER = YES;
				CLANG_WARN_RANGE_LOOP_ANALYSIS = YES;
				CLANG_WARN_STRICT_PROTOTYPES = YES;
				CLANG_WARN_SUSPICIOUS_MOVE = YES;
				CLANG_WARN_UNGUARDED_AVAILABILITY = YES_AGGRESSIVE;
				CLANG_WARN_UNREACHABLE_CODE = YES;
				CLANG_WARN__DUPLICATE_METHOD_MATCH = YES;
				COPY_PHASE_STRIP = NO;
				DEBUG_INFORMATION_FORMAT = "dwarf-with-dsym";
				ENABLE_NS_ASSERTIONS = NO;
				ENABLE_STRICT_OBJC_MSGSEND = YES;
				GCC_C_LANGUAGE_STANDARD = gnu11;
				GCC_NO_COMMON_BLOCKS = YES;
				GCC_WARN_64_TO_32_BIT_CONVERSION = YES;
				GCC_WARN_ABOUT_RETURN_TYPE = YES_ERROR;
				GCC_WARN_UNDECLARED_SELECTOR = YES;
				GCC_WARN_UNINITIALIZED_AUTOS = YES_AGGRESSIVE;
				GCC_WARN_UNUSED_FUNCTION = YES;
				GCC_WARN_UNUSED_VARIABLE = YES;
				IPHONEOS_DEPLOYMENT_TARGET = 16.0;
				MTL_ENABLE_DEBUG_INFO = NO;
				MTL_FAST_MATH = YES;
				SDKROOT = iphoneos;
				SWIFT_COMPILATION_MODE = wholemodule;
				SWIFT_OPTIMIZATION_LEVEL = "-O";
				VALIDATE_PRODUCT = YES;
			};
			name = Release;
		};
		DA8B39D929353E1E003A7967 /* Debug */ = {
			isa = XCBuildConfiguration;
			buildSettings = {
				ASSETCATALOG_COMPILER_APPICON_NAME = AppIcon;
				ASSETCATALOG_COMPILER_GLOBAL_ACCENT_COLOR_NAME = AccentColor;
				CODE_SIGN_STYLE = Automatic;
				CURRENT_PROJECT_VERSION = 1;
				GENERATE_INFOPLIST_FILE = YES;
				INFOPLIST_FILE = TaskListApp/App/Info.plist;
				INFOPLIST_KEY_UIApplicationSupportsIndirectInputEvents = YES;
				INFOPLIST_KEY_UILaunchStoryboardName = LaunchScreen;
				INFOPLIST_KEY_UIMainStoryboardFile = Main;
				INFOPLIST_KEY_UISupportedInterfaceOrientations = UIInterfaceOrientationPortrait;
				INFOPLIST_KEY_UISupportedInterfaceOrientations_iPad = "UIInterfaceOrientationLandscapeLeft UIInterfaceOrientationLandscapeRight UIInterfaceOrientationPortrait UIInterfaceOrientationPortraitUpsideDown";
				IPHONEOS_DEPLOYMENT_TARGET = 15.5;
				LD_RUNPATH_SEARCH_PATHS = (
					"$(inherited)",
					"@executable_path/Frameworks",
				);
				MARKETING_VERSION = 1.0;
				PRODUCT_BUNDLE_IDENTIFIER = "Nikita-Chekan.TaskListApp";
				PRODUCT_NAME = "$(TARGET_NAME)";
				SUPPORTED_PLATFORMS = "iphoneos iphonesimulator";
				SUPPORTS_MACCATALYST = NO;
				SUPPORTS_MAC_DESIGNED_FOR_IPHONE_IPAD = NO;
				SWIFT_EMIT_LOC_STRINGS = YES;
				SWIFT_VERSION = 5.0;
				TARGETED_DEVICE_FAMILY = 1;
			};
			name = Debug;
		};
		DA8B39DA29353E1E003A7967 /* Release */ = {
			isa = XCBuildConfiguration;
			buildSettings = {
				ASSETCATALOG_COMPILER_APPICON_NAME = AppIcon;
				ASSETCATALOG_COMPILER_GLOBAL_ACCENT_COLOR_NAME = AccentColor;
				CODE_SIGN_STYLE = Automatic;
				CURRENT_PROJECT_VERSION = 1;
				GENERATE_INFOPLIST_FILE = YES;
				INFOPLIST_FILE = TaskListApp/App/Info.plist;
				INFOPLIST_KEY_UIApplicationSupportsIndirectInputEvents = YES;
				INFOPLIST_KEY_UILaunchStoryboardName = LaunchScreen;
				INFOPLIST_KEY_UIMainStoryboardFile = Main;
				INFOPLIST_KEY_UISupportedInterfaceOrientations = UIInterfaceOrientationPortrait;
				INFOPLIST_KEY_UISupportedInterfaceOrientations_iPad = "UIInterfaceOrientationLandscapeLeft UIInterfaceOrientationLandscapeRight UIInterfaceOrientationPortrait UIInterfaceOrientationPortraitUpsideDown";
				IPHONEOS_DEPLOYMENT_TARGET = 15.5;
				LD_RUNPATH_SEARCH_PATHS = (
					"$(inherited)",
					"@executable_path/Frameworks",
				);
				MARKETING_VERSION = 1.0;
				PRODUCT_BUNDLE_IDENTIFIER = "Nikita-Chekan.TaskListApp";
				PRODUCT_NAME = "$(TARGET_NAME)";
				SUPPORTED_PLATFORMS = "iphoneos iphonesimulator";
				SUPPORTS_MACCATALYST = NO;
				SUPPORTS_MAC_DESIGNED_FOR_IPHONE_IPAD = NO;
				SWIFT_EMIT_LOC_STRINGS = YES;
				SWIFT_VERSION = 5.0;
				TARGETED_DEVICE_FAMILY = 1;
			};
			name = Release;
		};
/* End XCBuildConfiguration section */

/* Begin XCConfigurationList section */
		DA8B39BC29353E17003A7967 /* Build configuration list for PBXProject "TaskListApp" */ = {
			isa = XCConfigurationList;
			buildConfigurations = (
				DA8B39D629353E1E003A7967 /* Debug */,
				DA8B39D729353E1E003A7967 /* Release */,
			);
			defaultConfigurationIsVisible = 0;
			defaultConfigurationName = Release;
		};
		DA8B39D829353E1E003A7967 /* Build configuration list for PBXNativeTarget "TaskListApp" */ = {
			isa = XCConfigurationList;
			buildConfigurations = (
				DA8B39D929353E1E003A7967 /* Debug */,
				DA8B39DA29353E1E003A7967 /* Release */,
			);
			defaultConfigurationIsVisible = 0;
			defaultConfigurationName = Release;
		};
/* End XCConfigurationList section */

/* Begin XCRemoteSwiftPackageReference section */
		DA32730A2935428300407AC3 /* XCRemoteSwiftPackageReference "realm-swift" */ = {
			isa = XCRemoteSwiftPackageReference;
			repositoryURL = "https://github.com/realm/realm-swift.git";
			requirement = {
				branch = master;
				kind = branch;
			};
		};
/* End XCRemoteSwiftPackageReference section */

/* Begin XCSwiftPackageProductDependency section */
		DA32730B2935428300407AC3 /* Realm */ = {
			isa = XCSwiftPackageProductDependency;
			package = DA32730A2935428300407AC3 /* XCRemoteSwiftPackageReference "realm-swift" */;
			productName = Realm;
		};
		DA32730D2935428300407AC3 /* RealmSwift */ = {
			isa = XCSwiftPackageProductDependency;
			package = DA32730A2935428300407AC3 /* XCRemoteSwiftPackageReference "realm-swift" */;
			productName = RealmSwift;
		};
/* End XCSwiftPackageProductDependency section */
	};
	rootObject = DA8B39B929353E17003A7967 /* Project object */;
}
